
Microsoft Visual Studio Solution File, Format Version 12.00
# Visual Studio Version 17
VisualStudioVersion = 17.3.32819.101
MinimumVisualStudioVersion = 10.0.40219.1
Project("{FAE04EC0-301F-11D3-BF4B-00C04F79EFBC}") = "FibonacciAPI", "FibonacciAPI\FibonacciAPI.csproj", "{855E5D29-9107-4749-92B6-0469A2DDCF12}"
EndProject
Global
	GlobalSection(SolutionConfigurationPlatforms) = preSolution
		Debug|Any CPU = Debug|Any CPU
		Release|Any CPU = Release|Any CPU
	EndGlobalSection
	GlobalSection(ProjectConfigurationPlatforms) = postSolution
		{855E5D29-9107-4749-92B6-0469A2DDCF12}.Debug|Any CPU.ActiveCfg = Debug|Any CPU
		{855E5D29-9107-4749-92B6-0469A2DDCF12}.Debug|Any CPU.Build.0 = Debug|Any CPU
		{855E5D29-9107-4749-92B6-0469A2DDCF12}.Release|Any CPU.ActiveCfg = Release|Any CPU
		{855E5D29-9107-4749-92B6-0469A2DDCF12}.Release|Any CPU.Build.0 = Release|Any CPU
	EndGlobalSection
	GlobalSection(SolutionProperties) = preSolution
		HideSolutionNode = FALSE
	EndGlobalSection
	GlobalSection(ExtensibilityGlobals) = postSolution
		SolutionGuid = {C583437A-39E7-4A5B-BF8A-8DBE2A9C0585}
	EndGlobalSection
EndGlobal
